
Microsoft Visual Studio Solution File, Format Version 12.00
# Visual Studio Version 16
VisualStudioVersion = 16.0.31410.357
MinimumVisualStudioVersion = 10.0.40219.1
Project("{FAE04EC0-301F-11D3-BF4B-00C04F79EFBC}") = "FiorelloProject", "FiorelloProject\FiorelloProject.csproj", "{0517D9E1-36E7-4DAB-BB34-F776427C57F5}"
EndProject
Global
	GlobalSection(SolutionConfigurationPlatforms) = preSolution
		Debug|Any CPU = Debug|Any CPU
		Release|Any CPU = Release|Any CPU
	EndGlobalSection
	GlobalSection(ProjectConfigurationPlatforms) = postSolution
		{0517D9E1-36E7-4DAB-BB34-F776427C57F5}.Debug|Any CPU.ActiveCfg = Debug|Any CPU
		{0517D9E1-36E7-4DAB-BB34-F776427C57F5}.Debug|Any CPU.Build.0 = Debug|Any CPU
		{0517D9E1-36E7-4DAB-BB34-F776427C57F5}.Release|Any CPU.ActiveCfg = Release|Any CPU
		{0517D9E1-36E7-4DAB-BB34-F776427C57F5}.Release|Any CPU.Build.0 = Release|Any CPU
	EndGlobalSection
	GlobalSection(SolutionProperties) = preSolution
		HideSolutionNode = FALSE
	EndGlobalSection
	GlobalSection(ExtensibilityGlobals) = postSolution
		SolutionGuid = {6B3958F5-B30E-4DAC-B3D2-9E1DC9B82397}
	EndGlobalSection
EndGlobal
